
Microsoft Visual Studio Solution File, Format Version 12.00
# Visual Studio Version 17
VisualStudioVersion = 17.0.31903.59
MinimumVisualStudioVersion = 10.0.40219.1
Project("{2150E333-8FDC-42A3-9474-1A3956D46DE8}") = "Src", "Src", "{23E56CDF-3FD1-4E42-94A9-06FCFA667AEA}"
EndProject
Project("{9A19103F-16F7-4668-BE54-9A1E7A4F7556}") = "Domain", "ToDo.Domain\Domain.csproj", "{3737D541-ED2E-4C0E-9AE2-A8D386BF9FC2}"
EndProject
Project("{9A19103F-16F7-4668-BE54-9A1E7A4F7556}") = "ApplicationService", "Application\ApplicationService.csproj", "{B8CEECA4-EFE0-48A5-8429-ED389E5955DD}"
EndProject
Project("{FAE04EC0-301F-11D3-BF4B-00C04F79EFBC}") = "WebApi", "ToDo.WebApi\WebApi.csproj", "{C29961C6-0A97-408A-8F35-D901A9549752}"
EndProject
Project("{FAE04EC0-301F-11D3-BF4B-00C04F79EFBC}") = "DomainService", "DomainService\DomainService.csproj", "{8C28327C-A1FD-4CFF-871E-ED5F33E33603}"
EndProject
Project("{FAE04EC0-301F-11D3-BF4B-00C04F79EFBC}") = "Persistence", "Persictance\Persistence.csproj", "{C33DA978-B329-40D1-AE6E-28F2267550D6}"
EndProject
Global
	GlobalSection(SolutionConfigurationPlatforms) = preSolution
		Debug|Any CPU = Debug|Any CPU
		Release|Any CPU = Release|Any CPU
	EndGlobalSection
	GlobalSection(ProjectConfigurationPlatforms) = postSolution
		{3737D541-ED2E-4C0E-9AE2-A8D386BF9FC2}.Debug|Any CPU.ActiveCfg = Debug|Any CPU
		{3737D541-ED2E-4C0E-9AE2-A8D386BF9FC2}.Debug|Any CPU.Build.0 = Debug|Any CPU
		{3737D541-ED2E-4C0E-9AE2-A8D386BF9FC2}.Release|Any CPU.ActiveCfg = Release|Any CPU
		{3737D541-ED2E-4C0E-9AE2-A8D386BF9FC2}.Release|Any CPU.Build.0 = Release|Any CPU
		{B8CEECA4-EFE0-48A5-8429-ED389E5955DD}.Debug|Any CPU.ActiveCfg = Debug|Any CPU
		{B8CEECA4-EFE0-48A5-8429-ED389E5955DD}.Debug|Any CPU.Build.0 = Debug|Any CPU
		{B8CEECA4-EFE0-48A5-8429-ED389E5955DD}.Release|Any CPU.ActiveCfg = Release|Any CPU
		{B8CEECA4-EFE0-48A5-8429-ED389E5955DD}.Release|Any CPU.Build.0 = Release|Any CPU
		{C29961C6-0A97-408A-8F35-D901A9549752}.Debug|Any CPU.ActiveCfg = Debug|Any CPU
		{C29961C6-0A97-408A-8F35-D901A9549752}.Debug|Any CPU.Build.0 = Debug|Any CPU
		{C29961C6-0A97-408A-8F35-D901A9549752}.Release|Any CPU.ActiveCfg = Release|Any CPU
		{C29961C6-0A97-408A-8F35-D901A9549752}.Release|Any CPU.Build.0 = Release|Any CPU
		{8C28327C-A1FD-4CFF-871E-ED5F33E33603}.Debug|Any CPU.ActiveCfg = Debug|Any CPU
		{8C28327C-A1FD-4CFF-871E-ED5F33E33603}.Debug|Any CPU.Build.0 = Debug|Any CPU
		{8C28327C-A1FD-4CFF-871E-ED5F33E33603}.Release|Any CPU.ActiveCfg = Release|Any CPU
		{8C28327C-A1FD-4CFF-871E-ED5F33E33603}.Release|Any CPU.Build.0 = Release|Any CPU
		{C33DA978-B329-40D1-AE6E-28F2267550D6}.Debug|Any CPU.ActiveCfg = Debug|Any CPU
		{C33DA978-B329-40D1-AE6E-28F2267550D6}.Debug|Any CPU.Build.0 = Debug|Any CPU
		{C33DA978-B329-40D1-AE6E-28F2267550D6}.Release|Any CPU.ActiveCfg = Release|Any CPU
		{C33DA978-B329-40D1-AE6E-28F2267550D6}.Release|Any CPU.Build.0 = Release|Any CPU
	EndGlobalSection
	GlobalSection(SolutionProperties) = preSolution
		HideSolutionNode = FALSE
	EndGlobalSection
	GlobalSection(NestedProjects) = preSolution
		{3737D541-ED2E-4C0E-9AE2-A8D386BF9FC2} = {23E56CDF-3FD1-4E42-94A9-06FCFA667AEA}
		{B8CEECA4-EFE0-48A5-8429-ED389E5955DD} = {23E56CDF-3FD1-4E42-94A9-06FCFA667AEA}
		{C29961C6-0A97-408A-8F35-D901A9549752} = {23E56CDF-3FD1-4E42-94A9-06FCFA667AEA}
		{8C28327C-A1FD-4CFF-871E-ED5F33E33603} = {23E56CDF-3FD1-4E42-94A9-06FCFA667AEA}
		{C33DA978-B329-40D1-AE6E-28F2267550D6} = {23E56CDF-3FD1-4E42-94A9-06FCFA667AEA}
	EndGlobalSection
	GlobalSection(ExtensibilityGlobals) = postSolution
		SolutionGuid = {276D4F18-42D6-4055-87EF-2786A755362F}
	EndGlobalSection
EndGlobal
